{
  "name": "@willh/codex-reset-checker",
  "version": "0.5.0",
  "lockfileVersion": 2,
  "requires": true,
  "packages": {
    "": {
      "name": "@willh/codex-reset-checker",
      "version": "0.5.0",
      "license": "MIT",
      "bin": {
        "codex-reset-checker": "bin/codex-reset-checker.js"
      },
      "engines": {
        "node": ">=14"
      }
    }
  }
}
